
Microsoft Visual Studio Solution File, Format Version 12.00
# Visual Studio Express 2012 for Windows Desktop
Project("{FAE04EC0-301F-11D3-BF4B-00C04F79EFBC}") = "Bugs", "Bugs\Bugs.csproj", "{7BE3DEB5-0C0B-4631-8C88-DB6E252C1EA0}"
EndProject
Global
	GlobalSection(SolutionConfigurationPlatforms) = preSolution
		Debug|Any CPU = Debug|Any CPU
		Release|Any CPU = Release|Any CPU
	EndGlobalSection
	GlobalSection(ProjectConfigurationPlatforms) = postSolution
		{7BE3DEB5-0C0B-4631-8C88-DB6E252C1EA0}.Debug|Any CPU.ActiveCfg = Debug|Any CPU
		{7BE3DEB5-0C0B-4631-8C88-DB6E252C1EA0}.Debug|Any CPU.Build.0 = Debug|Any CPU
		{7BE3DEB5-0C0B-4631-8C88-DB6E252C1EA0}.Release|Any CPU.ActiveCfg = Release|Any CPU
		{7BE3DEB5-0C0B-4631-8C88-DB6E252C1EA0}.Release|Any CPU.Build.0 = Release|Any CPU
	EndGlobalSection
	GlobalSection(SolutionProperties) = preSolution
		HideSolutionNode = FALSE
	EndGlobalSection
EndGlobal
